// !$*UTF8*$!
{
	archiveVersion = 1;
	classes = {
	};
	objectVersion = 50;
	objects = {

/* Begin PBXBuildFile section */
		0F80559A23E24C5E00B5960C /* AppDelegate.swift in Sources */ = {isa = PBXBuildFile; fileRef = 0F80559923E24C5E00B5960C /* AppDelegate.swift */; };
		0F80559C23E24C5E00B5960C /* SceneDelegate.swift in Sources */ = {isa = PBXBuildFile; fileRef = 0F80559B23E24C5E00B5960C /* SceneDelegate.swift */; };
		0F8055A123E24C5E00B5960C /* Main.storyboard in Resources */ = {isa = PBXBuildFile; fileRef = 0F80559F23E24C5E00B5960C /* Main.storyboard */; };
		0F8055A323E24C6300B5960C /* Assets.xcassets in Resources */ = {isa = PBXBuildFile; fileRef = 0F8055A223E24C6300B5960C /* Assets.xcassets */; };
		0F8055A623E24C6300B5960C /* LaunchScreen.storyboard in Resources */ = {isa = PBXBuildFile; fileRef = 0F8055A423E24C6300B5960C /* LaunchScreen.storyboard */; };
		0F8055B123E24C6300B5960C /* GreenForestTests.swift in Sources */ = {isa = PBXBuildFile; fileRef = 0F8055B023E24C6300B5960C /* GreenForestTests.swift */; };
		0F8055BC23E24C6300B5960C /* GreenForestUITests.swift in Sources */ = {isa = PBXBuildFile; fileRef = 0F8055BB23E24C6300B5960C /* GreenForestUITests.swift */; };
		0F8055CB23E25BC900B5960C /* GoogleService-Info.plist in Resources */ = {isa = PBXBuildFile; fileRef = 0F8055CA23E25BC900B5960C /* GoogleService-Info.plist */; };
		0FDFFB1723E399B300118166 /* Category.swift in Sources */ = {isa = PBXBuildFile; fileRef = 0FDFFB1623E399B300118166 /* Category.swift */; };
		0FDFFB1923E39FDA00118166 /* FirebaseReference.swift in Sources */ = {isa = PBXBuildFile; fileRef = 0FDFFB1823E39FDA00118166 /* FirebaseReference.swift */; };
		0FDFFB1D23E3A93300118166 /* Item.swift in Sources */ = {isa = PBXBuildFile; fileRef = 0FDFFB1C23E3A93300118166 /* Item.swift */; };
		0FDFFB1F23E3ACEA00118166 /* Basket.swift in Sources */ = {isa = PBXBuildFile; fileRef = 0FDFFB1E23E3ACEA00118166 /* Basket.swift */; };
		0FDFFB2123E5142400118166 /* FUser.swift in Sources */ = {isa = PBXBuildFile; fileRef = 0FDFFB2023E5142400118166 /* FUser.swift */; };
		0FDFFB2423E6460700118166 /* CategoryCollectionViewController.swift in Sources */ = {isa = PBXBuildFile; fileRef = 0FDFFB2323E6460700118166 /* CategoryCollectionViewController.swift */; };
		0FDFFB2723E646AD00118166 /* CategoryCollectionViewCell.swift in Sources */ = {isa = PBXBuildFile; fileRef = 0FDFFB2623E646AD00118166 /* CategoryCollectionViewCell.swift */; };
		0FDFFB2923E7B22600118166 /* ItemTableViewCell.swift in Sources */ = {isa = PBXBuildFile; fileRef = 0FDFFB2823E7B22500118166 /* ItemTableViewCell.swift */; };
		0FDFFB2B23E7B2CE00118166 /* ImageCollectionViewCell.swift in Sources */ = {isa = PBXBuildFile; fileRef = 0FDFFB2A23E7B2CE00118166 /* ImageCollectionViewCell.swift */; };
		0FDFFB2E23E8FFE400118166 /* NetworkUtils.swift in Sources */ = {isa = PBXBuildFile; fileRef = 0FDFFB2D23E8FFE400118166 /* NetworkUtils.swift */; };
		0FDFFB3023E900B200118166 /* Constants.swift in Sources */ = {isa = PBXBuildFile; fileRef = 0FDFFB2F23E900B200118166 /* Constants.swift */; };
		0FDFFB3323F4E44800118166 /* WelcomeViewController.swift in Sources */ = {isa = PBXBuildFile; fileRef = 0FDFFB3223F4E44700118166 /* WelcomeViewController.swift */; };
		0FDFFB3523F4E4FF00118166 /* FinishRegistrationViewController.swift in Sources */ = {isa = PBXBuildFile; fileRef = 0FDFFB3423F4E4FF00118166 /* FinishRegistrationViewController.swift */; };
		0FDFFB3723F61E2D00118166 /* Extension.swift in Sources */ = {isa = PBXBuildFile; fileRef = 0FDFFB3623F61E2D00118166 /* Extension.swift */; };
		0FDFFB3923F625F500118166 /* ItemsTableViewController.swift in Sources */ = {isa = PBXBuildFile; fileRef = 0FDFFB3823F625F500118166 /* ItemsTableViewController.swift */; };
		0FDFFB3B23F6265700118166 /* ItemViewController.swift in Sources */ = {isa = PBXBuildFile; fileRef = 0FDFFB3A23F6265700118166 /* ItemViewController.swift */; };
		0FDFFB3D23F6267F00118166 /* AddItemViewController.swift in Sources */ = {isa = PBXBuildFile; fileRef = 0FDFFB3C23F6267F00118166 /* AddItemViewController.swift */; };
		0FDFFB3F23F62EF600118166 /* SearchViewController.swift in Sources */ = {isa = PBXBuildFile; fileRef = 0FDFFB3E23F62EF600118166 /* SearchViewController.swift */; };
		0FDFFB4123F7734D00118166 /* ProfileTableViewController.swift in Sources */ = {isa = PBXBuildFile; fileRef = 0FDFFB4023F7734D00118166 /* ProfileTableViewController.swift */; };
		0FDFFB4323F774DF00118166 /* EditProfileViewController.swift in Sources */ = {isa = PBXBuildFile; fileRef = 0FDFFB4223F774DF00118166 /* EditProfileViewController.swift */; };
		0FDFFB4523F9C2AA00118166 /* PurchasedHistoryTableViewController.swift in Sources */ = {isa = PBXBuildFile; fileRef = 0FDFFB4423F9C2AA00118166 /* PurchasedHistoryTableViewController.swift */; };
		0FDFFB4823F9CA5C00118166 /* AlgoliaService.swift in Sources */ = {isa = PBXBuildFile; fileRef = 0FDFFB4723F9CA5C00118166 /* AlgoliaService.swift */; };
		0FDFFB4A241D85AE00118166 /* BasketViewController.swift in Sources */ = {isa = PBXBuildFile; fileRef = 0FDFFB49241D85AD00118166 /* BasketViewController.swift */; };
		144E834A7C08BFC2BAE578EF /* Pods_GreenForest.framework in Frameworks */ = {isa = PBXBuildFile; fileRef = 06D37320218F9D2FE349C524 /* Pods_GreenForest.framework */; };
		70992BAD4B7A6C0D2984208B /* Pods_GreenForestUITests.framework in Frameworks */ = {isa = PBXBuildFile; fileRef = 5ADDD6C6EFE7C8D6278C2BAC /* Pods_GreenForestUITests.framework */; };
		7B8B0513563456962336F977 /* Pods_GreenForestTests.framework in Frameworks */ = {isa = PBXBuildFile; fileRef = FE3F93F52626673DD8C45648 /* Pods_GreenForestTests.framework */; };
/* End PBXBuildFile section */

/* Begin PBXContainerItemProxy section */
		0F8055AD23E24C6300B5960C /* PBXContainerItemProxy */ = {
			isa = PBXContainerItemProxy;
			containerPortal = 0F80558E23E24C5E00B5960C /* Project object */;
			proxyType = 1;
			remoteGlobalIDString = 0F80559523E24C5E00B5960C;
			remoteInfo = GreenForest;
		};
		0F8055B823E24C6300B5960C /* PBXContainerItemProxy */ = {
			isa = PBXContainerItemProxy;
			containerPortal = 0F80558E23E24C5E00B5960C /* Project object */;
			proxyType = 1;
			remoteGlobalIDString = 0F80559523E24C5E00B5960C;
			remoteInfo = GreenForest;
		};
/* End PBXContainerItemProxy section */

/* Begin PBXFileReference section */
		06D37320218F9D2FE349C524 /* Pods_GreenForest.framework */ = {isa = PBXFileReference; explicitFileType = wrapper.framework; includeInIndex = 0; path = Pods_GreenForest.framework; sourceTree = BUILT_PRODUCTS_DIR; };
		0F80559623E24C5E00B5960C /* GreenForest.app */ = {isa = PBXFileReference; explicitFileType = wrapper.application; includeInIndex = 0; path = GreenForest.app; sourceTree = BUILT_PRODUCTS_DIR; };
		0F80559923E24C5E00B5960C /* AppDelegate.swift */ = {isa = PBXFileReference; lastKnownFileType = sourcecode.swift; path = AppDelegate.swift; sourceTree = "<group>"; };
		0F80559B23E24C5E00B5960C /* SceneDelegate.swift */ = {isa = PBXFileReference; lastKnownFileType = sourcecode.swift; path = SceneDelegate.swift; sourceTree = "<group>"; };
		0F8055A023E24C5E00B5960C /* Base */ = {isa = PBXFileReference; lastKnownFileType = file.storyboard; name = Base; path = Base.lproj/Main.storyboard; sourceTree = "<group>"; };
		0F8055A223E24C6300B5960C /* Assets.xcassets */ = {isa = PBXFileReference; lastKnownFileType = folder.assetcatalog; path = Assets.xcassets; sourceTree = "<group>"; };
		0F8055A523E24C6300B5960C /* Base */ = {isa = PBXFileReference; lastKnownFileType = file.storyboard; name = Base; path = Base.lproj/LaunchScreen.storyboard; sourceTree = "<group>"; };
		0F8055A723E24C6300B5960C /* Info.plist */ = {isa = PBXFileReference; lastKnownFileType = text.plist.xml; path = Info.plist; sourceTree = "<group>"; };
		0F8055AC23E24C6300B5960C /* GreenForestTests.xctest */ = {isa = PBXFileReference; explicitFileType = wrapper.cfbundle; includeInIndex = 0; path = GreenForestTests.xctest; sourceTree = BUILT_PRODUCTS_DIR; };
		0F8055B023E24C6300B5960C /* GreenForestTests.swift */ = {isa = PBXFileReference; lastKnownFileType = sourcecode.swift; path = GreenForestTests.swift; sourceTree = "<group>"; };
		0F8055B223E24C6300B5960C /* Info.plist */ = {isa = PBXFileReference; lastKnownFileType = text.plist.xml; path = Info.plist; sourceTree = "<group>"; };
		0F8055B723E24C6300B5960C /* GreenForestUITests.xctest */ = {isa = PBXFileReference; explicitFileType = wrapper.cfbundle; includeInIndex = 0; path = GreenForestUITests.xctest; sourceTree = BUILT_PRODUCTS_DIR; };
		0F8055BB23E24C6300B5960C /* GreenForestUITests.swift */ = {isa = PBXFileReference; lastKnownFileType = sourcecode.swift; path = GreenForestUITests.swift; sourceTree = "<group>"; };
		0F8055BD23E24C6300B5960C /* Info.plist */ = {isa = PBXFileReference; lastKnownFileType = text.plist.xml; path = Info.plist; sourceTree = "<group>"; };
		0F8055CA23E25BC900B5960C /* GoogleService-Info.plist */ = {isa = PBXFileReference; fileEncoding = 4; lastKnownFileType = text.plist.xml; path = "GoogleService-Info.plist"; sourceTree = "<group>"; };
		0FDFFB1623E399B300118166 /* Category.swift */ = {isa = PBXFileReference; lastKnownFileType = sourcecode.swift; path = Category.swift; sourceTree = "<group>"; };
		0FDFFB1823E39FDA00118166 /* FirebaseReference.swift */ = {isa = PBXFileReference; lastKnownFileType = sourcecode.swift; path = FirebaseReference.swift; sourceTree = "<group>"; };
		0FDFFB1C23E3A93300118166 /* Item.swift */ = {isa = PBXFileReference; lastKnownFileType = sourcecode.swift; path = Item.swift; sourceTree = "<group>"; };
		0FDFFB1E23E3ACEA00118166 /* Basket.swift */ = {isa = PBXFileReference; lastKnownFileType = sourcecode.swift; path = Basket.swift; sourceTree = "<group>"; };
		0FDFFB2023E5142400118166 /* FUser.swift */ = {isa = PBXFileReference; lastKnownFileType = sourcecode.swift; path = FUser.swift; sourceTree = "<group>"; };
		0FDFFB2323E6460700118166 /* CategoryCollectionViewController.swift */ = {isa = PBXFileReference; lastKnownFileType = sourcecode.swift; path = CategoryCollectionViewController.swift; sourceTree = "<group>"; };
		0FDFFB2623E646AD00118166 /* CategoryCollectionViewCell.swift */ = {isa = PBXFileReference; lastKnownFileType = sourcecode.swift; path = CategoryCollectionViewCell.swift; sourceTree = "<group>"; };
		0FDFFB2823E7B22500118166 /* ItemTableViewCell.swift */ = {isa = PBXFileReference; lastKnownFileType = sourcecode.swift; path = ItemTableViewCell.swift; sourceTree = "<group>"; };
		0FDFFB2A23E7B2CE00118166 /* ImageCollectionViewCell.swift */ = {isa = PBXFileReference; lastKnownFileType = sourcecode.swift; path = ImageCollectionViewCell.swift; sourceTree = "<group>"; };
		0FDFFB2D23E8FFE400118166 /* NetworkUtils.swift */ = {isa = PBXFileReference; lastKnownFileType = sourcecode.swift; path = NetworkUtils.swift; sourceTree = "<group>"; };
		0FDFFB2F23E900B200118166 /* Constants.swift */ = {isa = PBXFileReference; lastKnownFileType = sourcecode.swift; path = Constants.swift; sourceTree = "<group>"; };
		0FDFFB3223F4E44700118166 /* WelcomeViewController.swift */ = {isa = PBXFileReference; lastKnownFileType = sourcecode.swift; path = WelcomeViewController.swift; sourceTree = "<group>"; };
		0FDFFB3423F4E4FF00118166 /* FinishRegistrationViewController.swift */ = {isa = PBXFileReference; lastKnownFileType = sourcecode.swift; path = FinishRegistrationViewController.swift; sourceTree = "<group>"; };
		0FDFFB3623F61E2D00118166 /* Extension.swift */ = {isa = PBXFileReference; lastKnownFileType = sourcecode.swift; path = Extension.swift; sourceTree = "<group>"; };
		0FDFFB3823F625F500118166 /* ItemsTableViewController.swift */ = {isa = PBXFileReference; lastKnownFileType = sourcecode.swift; path = ItemsTableViewController.swift; sourceTree = "<group>"; };
		0FDFFB3A23F6265700118166 /* ItemViewController.swift */ = {isa = PBXFileReference; lastKnownFileType = sourcecode.swift; path = ItemViewController.swift; sourceTree = "<group>"; };
		0FDFFB3C23F6267F00118166 /* AddItemViewController.swift */ = {isa = PBXFileReference; lastKnownFileType = sourcecode.swift; path = AddItemViewController.swift; sourceTree = "<group>"; };
		0FDFFB3E23F62EF600118166 /* SearchViewController.swift */ = {isa = PBXFileReference; lastKnownFileType = sourcecode.swift; path = SearchViewController.swift; sourceTree = "<group>"; };
		0FDFFB4023F7734D00118166 /* ProfileTableViewController.swift */ = {isa = PBXFileReference; lastKnownFileType = sourcecode.swift; path = ProfileTableViewController.swift; sourceTree = "<group>"; };
		0FDFFB4223F774DF00118166 /* EditProfileViewController.swift */ = {isa = PBXFileReference; lastKnownFileType = sourcecode.swift; path = EditProfileViewController.swift; sourceTree = "<group>"; };
		0FDFFB4423F9C2AA00118166 /* PurchasedHistoryTableViewController.swift */ = {isa = PBXFileReference; lastKnownFileType = sourcecode.swift; path = PurchasedHistoryTableViewController.swift; sourceTree = "<group>"; };
		0FDFFB4723F9CA5C00118166 /* AlgoliaService.swift */ = {isa = PBXFileReference; lastKnownFileType = sourcecode.swift; path = AlgoliaService.swift; sourceTree = "<group>"; };
		0FDFFB49241D85AD00118166 /* BasketViewController.swift */ = {isa = PBXFileReference; lastKnownFileType = sourcecode.swift; path = BasketViewController.swift; sourceTree = "<group>"; };
		248EA16898675CB1FE2A5F4D /* Pods-GreenForestTests.release.xcconfig */ = {isa = PBXFileReference; includeInIndex = 1; lastKnownFileType = text.xcconfig; name = "Pods-GreenForestTests.release.xcconfig"; path = "Pods/Target Support Files/Pods-GreenForestTests/Pods-GreenForestTests.release.xcconfig"; sourceTree = "<group>"; };
		281EC7B4CF989AD22FC3109B /* Pods-GreenForest.release.xcconfig */ = {isa = PBXFileReference; includeInIndex = 1; lastKnownFileType = text.xcconfig; name = "Pods-GreenForest.release.xcconfig"; path = "Pods/Target Support Files/Pods-GreenForest/Pods-GreenForest.release.xcconfig"; sourceTree = "<group>"; };
		39535DFCC97B4346EB945448 /* Pods-GreenForestTests.debug.xcconfig */ = {isa = PBXFileReference; includeInIndex = 1; lastKnownFileType = text.xcconfig; name = "Pods-GreenForestTests.debug.xcconfig"; path = "Pods/Target Support Files/Pods-GreenForestTests/Pods-GreenForestTests.debug.xcconfig"; sourceTree = "<group>"; };
		5ADDD6C6EFE7C8D6278C2BAC /* Pods_GreenForestUITests.framework */ = {isa = PBXFileReference; explicitFileType = wrapper.framework; includeInIndex = 0; path = Pods_GreenForestUITests.framework; sourceTree = BUILT_PRODUCTS_DIR; };
		5CB3D98AC73B5E2F693BDE19 /* Pods-GreenForest.debug.xcconfig */ = {isa = PBXFileReference; includeInIndex = 1; lastKnownFileType = text.xcconfig; name = "Pods-GreenForest.debug.xcconfig"; path = "Pods/Target Support Files/Pods-GreenForest/Pods-GreenForest.debug.xcconfig"; sourceTree = "<group>"; };
		86F500EC01219A8598D27E0B /* Pods-GreenForestUITests.debug.xcconfig */ = {isa = PBXFileReference; includeInIndex = 1; lastKnownFileType = text.xcconfig; name = "Pods-GreenForestUITests.debug.xcconfig"; path = "Pods/Target Support Files/Pods-GreenForestUITests/Pods-GreenForestUITests.debug.xcconfig"; sourceTree = "<group>"; };
		D26C3953B045C3020E8A2779 /* Pods-GreenForestUITests.release.xcconfig */ = {isa = PBXFileReference; includeInIndex = 1; lastKnownFileType = text.xcconfig; name = "Pods-GreenForestUITests.release.xcconfig"; path = "Pods/Target Support Files/Pods-GreenForestUITests/Pods-GreenForestUITests.release.xcconfig"; sourceTree = "<group>"; };
		FE3F93F52626673DD8C45648 /* Pods_GreenForestTests.framework */ = {isa = PBXFileReference; explicitFileType = wrapper.framework; includeInIndex = 0; path = Pods_GreenForestTests.framework; sourceTree = BUILT_PRODUCTS_DIR; };
/* End PBXFileReference section */

/* Begin PBXFrameworksBuildPhase section */
		0F80559323E24C5E00B5960C /* Frameworks */ = {
			isa = PBXFrameworksBuildPhase;
			buildActionMask = 2147483647;
			files = (
				144E834A7C08BFC2BAE578EF /* Pods_GreenForest.framework in Frameworks */,
			);
			runOnlyForDeploymentPostprocessing = 0;
		};
		0F8055A923E24C6300B5960C /* Frameworks */ = {
			isa = PBXFrameworksBuildPhase;
			buildActionMask = 2147483647;
			files = (
				7B8B0513563456962336F977 /* Pods_GreenForestTests.framework in Frameworks */,
			);
			runOnlyForDeploymentPostprocessing = 0;
		};
		0F8055B423E24C6300B5960C /* Frameworks */ = {
			isa = PBXFrameworksBuildPhase;
			buildActionMask = 2147483647;
			files = (
				70992BAD4B7A6C0D2984208B /* Pods_GreenForestUITests.framework in Frameworks */,
			);
			runOnlyForDeploymentPostprocessing = 0;
		};
/* End PBXFrameworksBuildPhase section */

/* Begin PBXGroup section */
		0F80558D23E24C5E00B5960C = {
			isa = PBXGroup;
			children = (
				0F80559823E24C5E00B5960C /* GreenForest */,
				0F8055AF23E24C6300B5960C /* GreenForestTests */,
				0F8055BA23E24C6300B5960C /* GreenForestUITests */,
				0F80559723E24C5E00B5960C /* Products */,
				A3544E101307CCA2C35E40A3 /* Pods */,
				C22AA50C3FCFB1625476B133 /* Frameworks */,
			);
			sourceTree = "<group>";
		};
		0F80559723E24C5E00B5960C /* Products */ = {
			isa = PBXGroup;
			children = (
				0F80559623E24C5E00B5960C /* GreenForest.app */,
				0F8055AC23E24C6300B5960C /* GreenForestTests.xctest */,
				0F8055B723E24C6300B5960C /* GreenForestUITests.xctest */,
			);
			name = Products;
			sourceTree = "<group>";
		};
		0F80559823E24C5E00B5960C /* GreenForest */ = {
			isa = PBXGroup;
			children = (
				0F8055C923E2510300B5960C /* Model */,
				0FDFFB2223E6459700118166 /* View */,
				0F80559923E24C5E00B5960C /* AppDelegate.swift */,
				0F80559B23E24C5E00B5960C /* SceneDelegate.swift */,
				0FDFFB2C23E8FFAE00118166 /* Utils */,
				0FDFFB1823E39FDA00118166 /* FirebaseReference.swift */,
				0F80559F23E24C5E00B5960C /* Main.storyboard */,
				0F8055A223E24C6300B5960C /* Assets.xcassets */,
				0F8055A423E24C6300B5960C /* LaunchScreen.storyboard */,
				0FDFFB4623F9CA3000118166 /* Service */,
				0F8055A723E24C6300B5960C /* Info.plist */,
				0F8055CA23E25BC900B5960C /* GoogleService-Info.plist */,
			);
			path = GreenForest;
			sourceTree = "<group>";
		};
		0F8055AF23E24C6300B5960C /* GreenForestTests */ = {
			isa = PBXGroup;
			children = (
				0F8055B023E24C6300B5960C /* GreenForestTests.swift */,
				0F8055B223E24C6300B5960C /* Info.plist */,
			);
			path = GreenForestTests;
			sourceTree = "<group>";
		};
		0F8055BA23E24C6300B5960C /* GreenForestUITests */ = {
			isa = PBXGroup;
			children = (
				0F8055BB23E24C6300B5960C /* GreenForestUITests.swift */,
				0F8055BD23E24C6300B5960C /* Info.plist */,
			);
			path = GreenForestUITests;
			sourceTree = "<group>";
		};
		0F8055C923E2510300B5960C /* Model */ = {
			isa = PBXGroup;
			children = (
				0FDFFB1623E399B300118166 /* Category.swift */,
				0FDFFB1C23E3A93300118166 /* Item.swift */,
				0FDFFB1E23E3ACEA00118166 /* Basket.swift */,
				0FDFFB2023E5142400118166 /* FUser.swift */,
			);
			path = Model;
			sourceTree = "<group>";
		};
		0FDFFB2223E6459700118166 /* View */ = {
			isa = PBXGroup;
			children = (
				0FDFFB2323E6460700118166 /* CategoryCollectionViewController.swift */,
				0FDFFB49241D85AD00118166 /* BasketViewController.swift */,
				0FDFFB3823F625F500118166 /* ItemsTableViewController.swift */,
				0FDFFB3A23F6265700118166 /* ItemViewController.swift */,
				0FDFFB3C23F6267F00118166 /* AddItemViewController.swift */,
				0FDFFB3E23F62EF600118166 /* SearchViewController.swift */,
				0FDFFB4023F7734D00118166 /* ProfileTableViewController.swift */,
				0FDFFB4223F774DF00118166 /* EditProfileViewController.swift */,
				0FDFFB4423F9C2AA00118166 /* PurchasedHistoryTableViewController.swift */,
				0FDFFB3123F4E3C100118166 /* Login */,
				0FDFFB2523E6468900118166 /* Cell */,
			);
			path = View;
			sourceTree = "<group>";
		};
		0FDFFB2523E6468900118166 /* Cell */ = {
			isa = PBXGroup;
			children = (
				0FDFFB2623E646AD00118166 /* CategoryCollectionViewCell.swift */,
				0FDFFB2823E7B22500118166 /* ItemTableViewCell.swift */,
				0FDFFB2A23E7B2CE00118166 /* ImageCollectionViewCell.swift */,
			);
			path = Cell;
			sourceTree = "<group>";
		};
		0FDFFB2C23E8FFAE00118166 /* Utils */ = {
			isa = PBXGroup;
			children = (
				0FDFFB2D23E8FFE400118166 /* NetworkUtils.swift */,
				0FDFFB2F23E900B200118166 /* Constants.swift */,
				0FDFFB3623F61E2D00118166 /* Extension.swift */,
			);
			path = Utils;
			sourceTree = "<group>";
		};
		0FDFFB3123F4E3C100118166 /* Login */ = {
			isa = PBXGroup;
			children = (
				0FDFFB3223F4E44700118166 /* WelcomeViewController.swift */,
				0FDFFB3423F4E4FF00118166 /* FinishRegistrationViewController.swift */,
			);
			path = Login;
			sourceTree = "<group>";
		};
		0FDFFB4623F9CA3000118166 /* Service */ = {
			isa = PBXGroup;
			children = (
				0FDFFB4723F9CA5C00118166 /* AlgoliaService.swift */,
			);
			path = Service;
			sourceTree = "<group>";
		};
		A3544E101307CCA2C35E40A3 /* Pods */ = {
			isa = PBXGroup;
			children = (
				5CB3D98AC73B5E2F693BDE19 /* Pods-GreenForest.debug.xcconfig */,
				281EC7B4CF989AD22FC3109B /* Pods-GreenForest.release.xcconfig */,
				39535DFCC97B4346EB945448 /* Pods-GreenForestTests.debug.xcconfig */,
				248EA16898675CB1FE2A5F4D /* Pods-GreenForestTests.release.xcconfig */,
				86F500EC01219A8598D27E0B /* Pods-GreenForestUITests.debug.xcconfig */,
				D26C3953B045C3020E8A2779 /* Pods-GreenForestUITests.release.xcconfig */,
			);
			name = Pods;
			sourceTree = "<group>";
		};
		C22AA50C3FCFB1625476B133 /* Frameworks */ = {
			isa = PBXGroup;
			children = (
				06D37320218F9D2FE349C524 /* Pods_GreenForest.framework */,
				FE3F93F52626673DD8C45648 /* Pods_GreenForestTests.framework */,
				5ADDD6C6EFE7C8D6278C2BAC /* Pods_GreenForestUITests.framework */,
			);
			name = Frameworks;
			sourceTree = "<group>";
		};
/* End PBXGroup section */

/* Begin PBXNativeTarget section */
		0F80559523E24C5E00B5960C /* GreenForest */ = {
			isa = PBXNativeTarget;
			buildConfigurationList = 0F8055C023E24C6300B5960C /* Build configuration list for PBXNativeTarget "GreenForest" */;
			buildPhases = (
				CA914EA53B0E38AA48B62679 /* [CP] Check Pods Manifest.lock */,
				0F80559223E24C5E00B5960C /* Sources */,
				0F80559323E24C5E00B5960C /* Frameworks */,
				0F80559423E24C5E00B5960C /* Resources */,
				065665D790023BD6404AA982 /* [CP] Embed Pods Frameworks */,
			);
			buildRules = (
			);
			dependencies = (
			);
			name = GreenForest;
			productName = GreenForest;
			productReference = 0F80559623E24C5E00B5960C /* GreenForest.app */;
			productType = "com.apple.product-type.application";
		};
		0F8055AB23E24C6300B5960C /* GreenForestTests */ = {
			isa = PBXNativeTarget;
			buildConfigurationList = 0F8055C323E24C6300B5960C /* Build configuration list for PBXNativeTarget "GreenForestTests" */;
			buildPhases = (
				12A3BBF29CED4E725A7E0200 /* [CP] Check Pods Manifest.lock */,
				0F8055A823E24C6300B5960C /* Sources */,
				0F8055A923E24C6300B5960C /* Frameworks */,
				0F8055AA23E24C6300B5960C /* Resources */,
			);
			buildRules = (
			);
			dependencies = (
				0F8055AE23E24C6300B5960C /* PBXTargetDependency */,
			);
			name = GreenForestTests;
			productName = GreenForestTests;
			productReference = 0F8055AC23E24C6300B5960C /* GreenForestTests.xctest */;
			productType = "com.apple.product-type.bundle.unit-test";
		};
		0F8055B623E24C6300B5960C /* GreenForestUITests */ = {
			isa = PBXNativeTarget;
			buildConfigurationList = 0F8055C623E24C6300B5960C /* Build configuration list for PBXNativeTarget "GreenForestUITests" */;
			buildPhases = (
				3185FC90E434B26BCEA4972C /* [CP] Check Pods Manifest.lock */,
				0F8055B323E24C6300B5960C /* Sources */,
				0F8055B423E24C6300B5960C /* Frameworks */,
				0F8055B523E24C6300B5960C /* Resources */,
			);
			buildRules = (
			);
			dependencies = (
				0F8055B923E24C6300B5960C /* PBXTargetDependency */,
			);
			name = GreenForestUITests;
			productName = GreenForestUITests;
			productReference = 0F8055B723E24C6300B5960C /* GreenForestUITests.xctest */;
			productType = "com.apple.product-type.bundle.ui-testing";
		};
/* End PBXNativeTarget section */

/* Begin PBXProject section */
		0F80558E23E24C5E00B5960C /* Project object */ = {
			isa = PBXProject;
			attributes = {
				LastSwiftUpdateCheck = 1110;
				LastUpgradeCheck = 1110;
				ORGANIZATIONNAME = "Hammed opejin";
				TargetAttributes = {
					0F80559523E24C5E00B5960C = {
						CreatedOnToolsVersion = 11.1;
					};
					0F8055AB23E24C6300B5960C = {
						CreatedOnToolsVersion = 11.1;
						TestTargetID = 0F80559523E24C5E00B5960C;
					};
					0F8055B623E24C6300B5960C = {
						CreatedOnToolsVersion = 11.1;
						TestTargetID = 0F80559523E24C5E00B5960C;
					};
				};
			};
			buildConfigurationList = 0F80559123E24C5E00B5960C /* Build configuration list for PBXProject "GreenForest" */;
			compatibilityVersion = "Xcode 9.3";
			developmentRegion = en;
			hasScannedForEncodings = 0;
			knownRegions = (
				en,
				Base,
			);
			mainGroup = 0F80558D23E24C5E00B5960C;
			productRefGroup = 0F80559723E24C5E00B5960C /* Products */;
			projectDirPath = "";
			projectRoot = "";
			targets = (
				0F80559523E24C5E00B5960C /* GreenForest */,
				0F8055AB23E24C6300B5960C /* GreenForestTests */,
				0F8055B623E24C6300B5960C /* GreenForestUITests */,
			);
		};
/* End PBXProject section */

/* Begin PBXResourcesBuildPhase section */
		0F80559423E24C5E00B5960C /* Resources */ = {
			isa = PBXResourcesBuildPhase;
			buildActionMask = 2147483647;
			files = (
				0F8055CB23E25BC900B5960C /* GoogleService-Info.plist in Resources */,
				0F8055A623E24C6300B5960C /* LaunchScreen.storyboard in Resources */,
				0F8055A323E24C6300B5960C /* Assets.xcassets in Resources */,
				0F8055A123E24C5E00B5960C /* Main.storyboard in Resources */,
			);
			runOnlyForDeploymentPostprocessing = 0;
		};
		0F8055AA23E24C6300B5960C /* Resources */ = {
			isa = PBXResourcesBuildPhase;
			buildActionMask = 2147483647;
			files = (
			);
			runOnlyForDeploymentPostprocessing = 0;
		};
		0F8055B523E24C6300B5960C /* Resources */ = {
			isa = PBXResourcesBuildPhase;
			buildActionMask = 2147483647;
			files = (
			);
			runOnlyForDeploymentPostprocessing = 0;
		};
/* End PBXResourcesBuildPhase section */

/* Begin PBXShellScriptBuildPhase section */
		065665D790023BD6404AA982 /* [CP] Embed Pods Frameworks */ = {
			isa = PBXShellScriptBuildPhase;
			buildActionMask = 2147483647;
			files = (
			);
			inputFileListPaths = (
			);
			inputPaths = (
				"${SRCROOT}/Pods/Target Support Files/Pods-GreenForest/Pods-GreenForest-frameworks.sh",
				"${BUILT_PRODUCTS_DIR}/Alamofire/Alamofire.framework",
				"${BUILT_PRODUCTS_DIR}/BoringSSL-GRPC/openssl_grpc.framework",
				"${BUILT_PRODUCTS_DIR}/EmptyDataSet-Swift/EmptyDataSet_Swift.framework",
				"${BUILT_PRODUCTS_DIR}/GTMSessionFetcher/GTMSessionFetcher.framework",
				"${BUILT_PRODUCTS_DIR}/Gallery/Gallery.framework",
				"${BUILT_PRODUCTS_DIR}/GoogleUtilities/GoogleUtilities.framework",
				"${BUILT_PRODUCTS_DIR}/InstantSearchClient/InstantSearchClient.framework",
				"${BUILT_PRODUCTS_DIR}/JGProgressHUD/JGProgressHUD.framework",
				"${BUILT_PRODUCTS_DIR}/NVActivityIndicatorView/NVActivityIndicatorView.framework",
				"${BUILT_PRODUCTS_DIR}/Protobuf/Protobuf.framework",
				"${BUILT_PRODUCTS_DIR}/gRPC-C++/grpcpp.framework",
				"${BUILT_PRODUCTS_DIR}/gRPC-Core/grpc.framework",
				"${BUILT_PRODUCTS_DIR}/leveldb-library/leveldb.framework",
				"${BUILT_PRODUCTS_DIR}/nanopb/nanopb.framework",
			);
			name = "[CP] Embed Pods Frameworks";
			outputFileListPaths = (
			);
			outputPaths = (
				"${TARGET_BUILD_DIR}/${FRAMEWORKS_FOLDER_PATH}/Alamofire.framework",
				"${TARGET_BUILD_DIR}/${FRAMEWORKS_FOLDER_PATH}/openssl_grpc.framework",
				"${TARGET_BUILD_DIR}/${FRAMEWORKS_FOLDER_PATH}/EmptyDataSet_Swift.framework",
				"${TARGET_BUILD_DIR}/${FRAMEWORKS_FOLDER_PATH}/GTMSessionFetcher.framework",
				"${TARGET_BUILD_DIR}/${FRAMEWORKS_FOLDER_PATH}/Gallery.framework",
				"${TARGET_BUILD_DIR}/${FRAMEWORKS_FOLDER_PATH}/GoogleUtilities.framework",
				"${TARGET_BUILD_DIR}/${FRAMEWORKS_FOLDER_PATH}/InstantSearchClient.framework",
				"${TARGET_BUILD_DIR}/${FRAMEWORKS_FOLDER_PATH}/JGProgressHUD.framework",
				"${TARGET_BUILD_DIR}/${FRAMEWORKS_FOLDER_PATH}/NVActivityIndicatorView.framework",
				"${TARGET_BUILD_DIR}/${FRAMEWORKS_FOLDER_PATH}/Protobuf.framework",
				"${TARGET_BUILD_DIR}/${FRAMEWORKS_FOLDER_PATH}/grpcpp.framework",
				"${TARGET_BUILD_DIR}/${FRAMEWORKS_FOLDER_PATH}/grpc.framework",
				"${TARGET_BUILD_DIR}/${FRAMEWORKS_FOLDER_PATH}/leveldb.framework",
				"${TARGET_BUILD_DIR}/${FRAMEWORKS_FOLDER_PATH}/nanopb.framework",
			);
			runOnlyForDeploymentPostprocessing = 0;
			shellPath = /bin/sh;
			shellScript = "\"${SRCROOT}/Pods/Target Support Files/Pods-GreenForest/Pods-GreenForest-frameworks.sh\"\n";
			showEnvVarsInLog = 0;
		};
		12A3BBF29CED4E725A7E0200 /* [CP] Check Pods Manifest.lock */ = {
			isa = PBXShellScriptBuildPhase;
			buildActionMask = 2147483647;
			files = (
			);
			inputFileListPaths = (
			);
			inputPaths = (
				"${PODS_PODFILE_DIR_PATH}/Podfile.lock",
				"${PODS_ROOT}/Manifest.lock",
			);
			name = "[CP] Check Pods Manifest.lock";
			outputFileListPaths = (
			);
			outputPaths = (
				"$(DERIVED_FILE_DIR)/Pods-GreenForestTests-checkManifestLockResult.txt",
			);
			runOnlyForDeploymentPostprocessing = 0;
			shellPath = /bin/sh;
			shellScript = "diff \"${PODS_PODFILE_DIR_PATH}/Podfile.lock\" \"${PODS_ROOT}/Manifest.lock\" > /dev/null\nif [ $? != 0 ] ; then\n    # print error to STDERR\n    echo \"error: The sandbox is not in sync with the Podfile.lock. Run 'pod install' or update your CocoaPods installation.\" >&2\n    exit 1\nfi\n# This output is used by Xcode 'outputs' to avoid re-running this script phase.\necho \"SUCCESS\" > \"${SCRIPT_OUTPUT_FILE_0}\"\n";
			showEnvVarsInLog = 0;
		};
		3185FC90E434B26BCEA4972C /* [CP] Check Pods Manifest.lock */ = {
			isa = PBXShellScriptBuildPhase;
			buildActionMask = 2147483647;
			files = (
			);
			inputFileListPaths = (
			);
			inputPaths = (
				"${PODS_PODFILE_DIR_PATH}/Podfile.lock",
				"${PODS_ROOT}/Manifest.lock",
			);
			name = "[CP] Check Pods Manifest.lock";
			outputFileListPaths = (
			);
			outputPaths = (
				"$(DERIVED_FILE_DIR)/Pods-GreenForestUITests-checkManifestLockResult.txt",
			);
			runOnlyForDeploymentPostprocessing = 0;
			shellPath = /bin/sh;
			shellScript = "diff \"${PODS_PODFILE_DIR_PATH}/Podfile.lock\" \"${PODS_ROOT}/Manifest.lock\" > /dev/null\nif [ $? != 0 ] ; then\n    # print error to STDERR\n    echo \"error: The sandbox is not in sync with the Podfile.lock. Run 'pod install' or update your CocoaPods installation.\" >&2\n    exit 1\nfi\n# This output is used by Xcode 'outputs' to avoid re-running this script phase.\necho \"SUCCESS\" > \"${SCRIPT_OUTPUT_FILE_0}\"\n";
			showEnvVarsInLog = 0;
		};
		CA914EA53B0E38AA48B62679 /* [CP] Check Pods Manifest.lock */ = {
			isa = PBXShellScriptBuildPhase;
			buildActionMask = 2147483647;
			files = (
			);
			inputFileListPaths = (
			);
			inputPaths = (
				"${PODS_PODFILE_DIR_PATH}/Podfile.lock",
				"${PODS_ROOT}/Manifest.lock",
			);
			name = "[CP] Check Pods Manifest.lock";
			outputFileListPaths = (
			);
			outputPaths = (
				"$(DERIVED_FILE_DIR)/Pods-GreenForest-checkManifestLockResult.txt",
			);
			runOnlyForDeploymentPostprocessing = 0;
			shellPath = /bin/sh;
			shellScript = "diff \"${PODS_PODFILE_DIR_PATH}/Podfile.lock\" \"${PODS_ROOT}/Manifest.lock\" > /dev/null\nif [ $? != 0 ] ; then\n    # print error to STDERR\n    echo \"error: The sandbox is not in sync with the Podfile.lock. Run 'pod install' or update your CocoaPods installation.\" >&2\n    exit 1\nfi\n# This output is used by Xcode 'outputs' to avoid re-running this script phase.\necho \"SUCCESS\" > \"${SCRIPT_OUTPUT_FILE_0}\"\n";
			showEnvVarsInLog = 0;
		};
/* End PBXShellScriptBuildPhase section */

/* Begin PBXSourcesBuildPhase section */
		0F80559223E24C5E00B5960C /* Sources */ = {
			isa = PBXSourcesBuildPhase;
			buildActionMask = 2147483647;
			files = (
				0FDFFB4323F774DF00118166 /* EditProfileViewController.swift in Sources */,
				0FDFFB4123F7734D00118166 /* ProfileTableViewController.swift in Sources */,
				0FDFFB2423E6460700118166 /* CategoryCollectionViewController.swift in Sources */,
				0FDFFB3923F625F500118166 /* ItemsTableViewController.swift in Sources */,
				0FDFFB1923E39FDA00118166 /* FirebaseReference.swift in Sources */,
				0FDFFB4A241D85AE00118166 /* BasketViewController.swift in Sources */,
				0FDFFB2B23E7B2CE00118166 /* ImageCollectionViewCell.swift in Sources */,
				0FDFFB1F23E3ACEA00118166 /* Basket.swift in Sources */,
				0FDFFB3023E900B200118166 /* Constants.swift in Sources */,
				0FDFFB3323F4E44800118166 /* WelcomeViewController.swift in Sources */,
				0FDFFB4823F9CA5C00118166 /* AlgoliaService.swift in Sources */,
				0FDFFB4523F9C2AA00118166 /* PurchasedHistoryTableViewController.swift in Sources */,
				0FDFFB2923E7B22600118166 /* ItemTableViewCell.swift in Sources */,
				0F80559A23E24C5E00B5960C /* AppDelegate.swift in Sources */,
				0F80559C23E24C5E00B5960C /* SceneDelegate.swift in Sources */,
				0FDFFB3F23F62EF600118166 /* SearchViewController.swift in Sources */,
				0FDFFB3723F61E2D00118166 /* Extension.swift in Sources */,
				0FDFFB1D23E3A93300118166 /* Item.swift in Sources */,
				0FDFFB2123E5142400118166 /* FUser.swift in Sources */,
				0FDFFB3523F4E4FF00118166 /* FinishRegistrationViewController.swift in Sources */,
				0FDFFB3D23F6267F00118166 /* AddItemViewController.swift in Sources */,
				0FDFFB2723E646AD00118166 /* CategoryCollectionViewCell.swift in Sources */,
				0FDFFB1723E399B300118166 /* Category.swift in Sources */,
				0FDFFB2E23E8FFE400118166 /* NetworkUtils.swift in Sources */,
				0FDFFB3B23F6265700118166 /* ItemViewController.swift in Sources */,
			);
			runOnlyForDeploymentPostprocessing = 0;
		};
		0F8055A823E24C6300B5960C /* Sources */ = {
			isa = PBXSourcesBuildPhase;
			buildActionMask = 2147483647;
			files = (
				0F8055B123E24C6300B5960C /* GreenForestTests.swift in Sources */,
			);
			runOnlyForDeploymentPostprocessing = 0;
		};
		0F8055B323E24C6300B5960C /* Sources */ = {
			isa = PBXSourcesBuildPhase;
			buildActionMask = 2147483647;
			files = (
				0F8055BC23E24C6300B5960C /* GreenForestUITests.swift in Sources */,
			);
			runOnlyForDeploymentPostprocessing = 0;
		};
/* End PBXSourcesBuildPhase section */

/* Begin PBXTargetDependency section */
		0F8055AE23E24C6300B5960C /* PBXTargetDependency */ = {
			isa = PBXTargetDependency;
			target = 0F80559523E24C5E00B5960C /* GreenForest */;
			targetProxy = 0F8055AD23E24C6300B5960C /* PBXContainerItemProxy */;
		};
		0F8055B923E24C6300B5960C /* PBXTargetDependency */ = {
			isa = PBXTargetDependency;
			target = 0F80559523E24C5E00B5960C /* GreenForest */;
			targetProxy = 0F8055B823E24C6300B5960C /* PBXContainerItemProxy */;
		};
/* End PBXTargetDependency section */

/* Begin PBXVariantGroup section */
		0F80559F23E24C5E00B5960C /* Main.storyboard */ = {
			isa = PBXVariantGroup;
			children = (
				0F8055A023E24C5E00B5960C /* Base */,
			);
			name = Main.storyboard;
			sourceTree = "<group>";
		};
		0F8055A423E24C6300B5960C /* LaunchScreen.storyboard */ = {
			isa = PBXVariantGroup;
			children = (
				0F8055A523E24C6300B5960C /* Base */,
			);
			name = LaunchScreen.storyboard;
			sourceTree = "<group>";
		};
/* End PBXVariantGroup section */

/* Begin XCBuildConfiguration section */
		0F8055BE23E24C6300B5960C /* Debug */ = {
			isa = XCBuildConfiguration;
			buildSettings = {
				ALWAYS_SEARCH_USER_PATHS = NO;
				CLANG_ANALYZER_NONNULL = YES;
				CLANG_ANALYZER_NUMBER_OBJECT_CONVERSION = YES_AGGRESSIVE;
				CLANG_CXX_LANGUAGE_STANDARD = "gnu++14";
				CLANG_CXX_LIBRARY = "libc++";
				CLANG_ENABLE_MODULES = YES;
				CLANG_ENABLE_OBJC_ARC = YES;
				CLANG_ENABLE_OBJC_WEAK = YES;
				CLANG_WARN_BLOCK_CAPTURE_AUTORELEASING = YES;
				CLANG_WARN_BOOL_CONVERSION = YES;
				CLANG_WARN_COMMA = YES;
				CLANG_WARN_CONSTANT_CONVERSION = YES;
				CLANG_WARN_DEPRECATED_OBJC_IMPLEMENTATIONS = YES;
				CLANG_WARN_DIRECT_OBJC_ISA_USAGE = YES_ERROR;
				CLANG_WARN_DOCUMENTATION_COMMENTS = YES;
				CLANG_WARN_EMPTY_BODY = YES;
				CLANG_WARN_ENUM_CONVERSION = YES;
				CLANG_WARN_INFINITE_RECURSION = YES;
				CLANG_WARN_INT_CONVERSION = YES;
				CLANG_WARN_NON_LITERAL_NULL_CONVERSION = YES;
				CLANG_WARN_OBJC_IMPLICIT_RETAIN_SELF = YES;
				CLANG_WARN_OBJC_LITERAL_CONVERSION = YES;
				CLANG_WARN_OBJC_ROOT_CLASS = YES_ERROR;
				CLANG_WARN_RANGE_LOOP_ANALYSIS = YES;
				CLANG_WARN_STRICT_PROTOTYPES = YES;
				CLANG_WARN_SUSPICIOUS_MOVE = YES;
				CLANG_WARN_UNGUARDED_AVAILABILITY = YES_AGGRESSIVE;
				CLANG_WARN_UNREACHABLE_CODE = YES;
				CLANG_WARN__DUPLICATE_METHOD_MATCH = YES;
				COPY_PHASE_STRIP = NO;
				DEBUG_INFORMATION_FORMAT = dwarf;
				ENABLE_STRICT_OBJC_MSGSEND = YES;
				ENABLE_TESTABILITY = YES;
				GCC_C_LANGUAGE_STANDARD = gnu11;
				GCC_DYNAMIC_NO_PIC = NO;
				GCC_NO_COMMON_BLOCKS = YES;
				GCC_OPTIMIZATION_LEVEL = 0;
				GCC_PREPROCESSOR_DEFINITIONS = (
					"DEBUG=1",
					"$(inherited)",
				);
				GCC_WARN_64_TO_32_BIT_CONVERSION = YES;
				GCC_WARN_ABOUT_RETURN_TYPE = YES_ERROR;
				GCC_WARN_UNDECLARED_SELECTOR = YES;
				GCC_WARN_UNINITIALIZED_AUTOS = YES_AGGRESSIVE;
				GCC_WARN_UNUSED_FUNCTION = YES;
				GCC_WARN_UNUSED_VARIABLE = YES;
				IPHONEOS_DEPLOYMENT_TARGET = 13.1;
				MTL_ENABLE_DEBUG_INFO = INCLUDE_SOURCE;
				MTL_FAST_MATH = YES;
				ONLY_ACTIVE_ARCH = YES;
				SDKROOT = iphoneos;
				SWIFT_ACTIVE_COMPILATION_CONDITIONS = DEBUG;
				SWIFT_OPTIMIZATION_LEVEL = "-Onone";
			};
			name = Debug;
		};
		0F8055BF23E24C6300B5960C /* Release */ = {
			isa = XCBuildConfiguration;
			buildSettings = {
				ALWAYS_SEARCH_USER_PATHS = NO;
				CLANG_ANALYZER_NONNULL = YES;
				CLANG_ANALYZER_NUMBER_OBJECT_CONVERSION = YES_AGGRESSIVE;
				CLANG_CXX_LANGUAGE_STANDARD = "gnu++14";
				CLANG_CXX_LIBRARY = "libc++";
				CLANG_ENABLE_MODULES = YES;
				CLANG_ENABLE_OBJC_ARC = YES;
				CLANG_ENABLE_OBJC_WEAK = YES;
				CLANG_WARN_BLOCK_CAPTURE_AUTORELEASING = YES;
				CLANG_WARN_BOOL_CONVERSION = YES;
				CLANG_WARN_COMMA = YES;
				CLANG_WARN_CONSTANT_CONVERSION = YES;
				CLANG_WARN_DEPRECATED_OBJC_IMPLEMENTATIONS = YES;
				CLANG_WARN_DIRECT_OBJC_ISA_USAGE = YES_ERROR;
				CLANG_WARN_DOCUMENTATION_COMMENTS = YES;
				CLANG_WARN_EMPTY_BODY = YES;
				CLANG_WARN_ENUM_CONVERSION = YES;
				CLANG_WARN_INFINITE_RECURSION = YES;
				CLANG_WARN_INT_CONVERSION = YES;
				CLANG_WARN_NON_LITERAL_NULL_CONVERSION = YES;
				CLANG_WARN_OBJC_IMPLICIT_RETAIN_SELF = YES;
				CLANG_WARN_OBJC_LITERAL_CONVERSION = YES;
				CLANG_WARN_OBJC_ROOT_CLASS = YES_ERROR;
				CLANG_WARN_RANGE_LOOP_ANALYSIS = YES;
				CLANG_WARN_STRICT_PROTOTYPES = YES;
				CLANG_WARN_SUSPICIOUS_MOVE = YES;
				CLANG_WARN_UNGUARDED_AVAILABILITY = YES_AGGRESSIVE;
				CLANG_WARN_UNREACHABLE_CODE = YES;
				CLANG_WARN__DUPLICATE_METHOD_MATCH = YES;
				COPY_PHASE_STRIP = NO;
				DEBUG_INFORMATION_FORMAT = "dwarf-with-dsym";
				ENABLE_NS_ASSERTIONS = NO;
				ENABLE_STRICT_OBJC_MSGSEND = YES;
				GCC_C_LANGUAGE_STANDARD = gnu11;
				GCC_NO_COMMON_BLOCKS = YES;
				GCC_WARN_64_TO_32_BIT_CONVERSION = YES;
				GCC_WARN_ABOUT_RETURN_TYPE = YES_ERROR;
				GCC_WARN_UNDECLARED_SELECTOR = YES;
				GCC_WARN_UNINITIALIZED_AUTOS = YES_AGGRESSIVE;
				GCC_WARN_UNUSED_FUNCTION = YES;
				GCC_WARN_UNUSED_VARIABLE = YES;
				IPHONEOS_DEPLOYMENT_TARGET = 13.1;
				MTL_ENABLE_DEBUG_INFO = NO;
				MTL_FAST_MATH = YES;
				SDKROOT = iphoneos;
				SWIFT_COMPILATION_MODE = wholemodule;
				SWIFT_OPTIMIZATION_LEVEL = "-O";
				VALIDATE_PRODUCT = YES;
			};
			name = Release;
		};
		0F8055C123E24C6300B5960C /* Debug */ = {
			isa = XCBuildConfiguration;
			baseConfigurationReference = 5CB3D98AC73B5E2F693BDE19 /* Pods-GreenForest.debug.xcconfig */;
			buildSettings = {
				ASSETCATALOG_COMPILER_APPICON_NAME = AppIcon;
				CODE_SIGN_STYLE = Automatic;
				DEVELOPMENT_TEAM = 87543A78RY;
				INFOPLIST_FILE = GreenForest/Info.plist;
				LD_RUNPATH_SEARCH_PATHS = (
					"$(inherited)",
					"@executable_path/Frameworks",
				);
				PRODUCT_BUNDLE_IDENTIFIER = com.planetpeopleplatform.GreenForest;
				PRODUCT_NAME = "$(TARGET_NAME)";
				SWIFT_VERSION = 5.0;
				TARGETED_DEVICE_FAMILY = "1,2";
			};
			name = Debug;
		};
		0F8055C223E24C6300B5960C /* Release */ = {
			isa = XCBuildConfiguration;
			baseConfigurationReference = 281EC7B4CF989AD22FC3109B /* Pods-GreenForest.release.xcconfig */;
			buildSettings = {
				ASSETCATALOG_COMPILER_APPICON_NAME = AppIcon;
				CODE_SIGN_STYLE = Automatic;
				DEVELOPMENT_TEAM = 87543A78RY;
				INFOPLIST_FILE = GreenForest/Info.plist;
				LD_RUNPATH_SEARCH_PATHS = (
					"$(inherited)",
					"@executable_path/Frameworks",
				);
				PRODUCT_BUNDLE_IDENTIFIER = com.planetpeopleplatform.GreenForest;
				PRODUCT_NAME = "$(TARGET_NAME)";
				SWIFT_VERSION = 5.0;
				TARGETED_DEVICE_FAMILY = "1,2";
			};
			name = Release;
		};
		0F8055C423E24C6300B5960C /* Debug */ = {
			isa = XCBuildConfiguration;
			baseConfigurationReference = 39535DFCC97B4346EB945448 /* Pods-GreenForestTests.debug.xcconfig */;
			buildSettings = {
				ALWAYS_EMBED_SWIFT_STANDARD_LIBRARIES = YES;
				BUNDLE_LOADER = "$(TEST_HOST)";
				CODE_SIGN_STYLE = Automatic;
				DEVELOPMENT_TEAM = 87543A78RY;
				INFOPLIST_FILE = GreenForestTests/Info.plist;
				IPHONEOS_DEPLOYMENT_TARGET = 13.1;
				LD_RUNPATH_SEARCH_PATHS = (
					"$(inherited)",
					"@executable_path/Frameworks",
					"@loader_path/Frameworks",
				);
				PRODUCT_BUNDLE_IDENTIFIER = com.planetpeopleplatform.GreenForestTests;
				PRODUCT_NAME = "$(TARGET_NAME)";
				SWIFT_VERSION = 5.0;
				TARGETED_DEVICE_FAMILY = "1,2";
				TEST_HOST = "$(BUILT_PRODUCTS_DIR)/GreenForest.app/GreenForest";
			};
			name = Debug;
		};
		0F8055C523E24C6300B5960C /* Release */ = {
			isa = XCBuildConfiguration;
			baseConfigurationReference = 248EA16898675CB1FE2A5F4D /* Pods-GreenForestTests.release.xcconfig */;
			buildSettings = {
				ALWAYS_EMBED_SWIFT_STANDARD_LIBRARIES = YES;
				BUNDLE_LOADER = "$(TEST_HOST)";
				CODE_SIGN_STYLE = Automatic;
				DEVELOPMENT_TEAM = 87543A78RY;
				INFOPLIST_FILE = GreenForestTests/Info.plist;
				IPHONEOS_DEPLOYMENT_TARGET = 13.1;
				LD_RUNPATH_SEARCH_PATHS = (
					"$(inherited)",
					"@executable_path/Frameworks",
					"@loader_path/Frameworks",
				);
				PRODUCT_BUNDLE_IDENTIFIER = com.planetpeopleplatform.GreenForestTests;
				PRODUCT_NAME = "$(TARGET_NAME)";
				SWIFT_VERSION = 5.0;
				TARGETED_DEVICE_FAMILY = "1,2";
				TEST_HOST = "$(BUILT_PRODUCTS_DIR)/GreenForest.app/GreenForest";
			};
			name = Release;
		};
		0F8055C723E24C6300B5960C /* Debug */ = {
			isa = XCBuildConfiguration;
			baseConfigurationReference = 86F500EC01219A8598D27E0B /* Pods-GreenForestUITests.debug.xcconfig */;
			buildSettings = {
				ALWAYS_EMBED_SWIFT_STANDARD_LIBRARIES = YES;
				CODE_SIGN_STYLE = Automatic;
				DEVELOPMENT_TEAM = 87543A78RY;
				INFOPLIST_FILE = GreenForestUITests/Info.plist;
				LD_RUNPATH_SEARCH_PATHS = (
					"$(inherited)",
					"@executable_path/Frameworks",
					"@loader_path/Frameworks",
				);
				PRODUCT_BUNDLE_IDENTIFIER = com.planetpeopleplatform.GreenForestUITests;
				PRODUCT_NAME = "$(TARGET_NAME)";
				SWIFT_VERSION = 5.0;
				TARGETED_DEVICE_FAMILY = "1,2";
				TEST_TARGET_NAME = GreenForest;
			};
			name = Debug;
		};
		0F8055C823E24C6300B5960C /* Release */ = {
			isa = XCBuildConfiguration;
			baseConfigurationReference = D26C3953B045C3020E8A2779 /* Pods-GreenForestUITests.release.xcconfig */;
			buildSettings = {
				ALWAYS_EMBED_SWIFT_STANDARD_LIBRARIES = YES;
				CODE_SIGN_STYLE = Automatic;
				DEVELOPMENT_TEAM = 87543A78RY;
				INFOPLIST_FILE = GreenForestUITests/Info.plist;
				LD_RUNPATH_SEARCH_PATHS = (
					"$(inherited)",
					"@executable_path/Frameworks",
					"@loader_path/Frameworks",
				);
				PRODUCT_BUNDLE_IDENTIFIER = com.planetpeopleplatform.GreenForestUITests;
				PRODUCT_NAME = "$(TARGET_NAME)";
				SWIFT_VERSION = 5.0;
				TARGETED_DEVICE_FAMILY = "1,2";
				TEST_TARGET_NAME = GreenForest;
			};
			name = Release;
		};
/* End XCBuildConfiguration section */

/* Begin XCConfigurationList section */
		0F80559123E24C5E00B5960C /* Build configuration list for PBXProject "GreenForest" */ = {
			isa = XCConfigurationList;
			buildConfigurations = (
				0F8055BE23E24C6300B5960C /* Debug */,
				0F8055BF23E24C6300B5960C /* Release */,
			);
			defaultConfigurationIsVisible = 0;
			defaultConfigurationName = Release;
		};
		0F8055C023E24C6300B5960C /* Build configuration list for PBXNativeTarget "GreenForest" */ = {
			isa = XCConfigurationList;
			buildConfigurations = (
				0F8055C123E24C6300B5960C /* Debug */,
				0F8055C223E24C6300B5960C /* Release */,
			);
			defaultConfigurationIsVisible = 0;
			defaultConfigurationName = Release;
		};
		0F8055C323E24C6300B5960C /* Build configuration list for PBXNativeTarget "GreenForestTests" */ = {
			isa = XCConfigurationList;
			buildConfigurations = (
				0F8055C423E24C6300B5960C /* Debug */,
				0F8055C523E24C6300B5960C /* Release */,
			);
			defaultConfigurationIsVisible = 0;
			defaultConfigurationName = Release;
		};
		0F8055C623E24C6300B5960C /* Build configuration list for PBXNativeTarget "GreenForestUITests" */ = {
			isa = XCConfigurationList;
			buildConfigurations = (
				0F8055C723E24C6300B5960C /* Debug */,
				0F8055C823E24C6300B5960C /* Release */,
			);
			defaultConfigurationIsVisible = 0;
			defaultConfigurationName = Release;
		};
/* End XCConfigurationList section */
	};
	rootObject = 0F80558E23E24C5E00B5960C /* Project object */;
}
